
Microsoft Visual Studio Solution File, Format Version 12.00
# Visual Studio Version 16
VisualStudioVersion = 16.0.32106.194
MinimumVisualStudioVersion = 10.0.40219.1
Project("{FAE04EC0-301F-11D3-BF4B-00C04F79EFBC}") = "3DPRT", "3DPRT\3DPRT.csproj", "{3D53395C-87CE-4D2C-9376-06C031C3A5E6}"
EndProject
Project("{FAE04EC0-301F-11D3-BF4B-00C04F79EFBC}") = "3DPRT.Tests", "3DPRT.Tests\3DPRT.Tests.csproj", "{66D808AB-DE6C-4D65-AA42-62A147B1D616}"
EndProject
Project("{FAE04EC0-301F-11D3-BF4B-00C04F79EFBC}") = "3DPRT.Data", "3DPRT.Data\3DPRT.Data.csproj", "{5C0915F7-6DEC-4DA6-8996-755DD007DFB0}"
EndProject
Global
	GlobalSection(SolutionConfigurationPlatforms) = preSolution
		Debug|Any CPU = Debug|Any CPU
		Release|Any CPU = Release|Any CPU
	EndGlobalSection
	GlobalSection(ProjectConfigurationPlatforms) = postSolution
		{3D53395C-87CE-4D2C-9376-06C031C3A5E6}.Debug|Any CPU.ActiveCfg = Debug|Any CPU
		{3D53395C-87CE-4D2C-9376-06C031C3A5E6}.Debug|Any CPU.Build.0 = Debug|Any CPU
		{3D53395C-87CE-4D2C-9376-06C031C3A5E6}.Release|Any CPU.ActiveCfg = Release|Any CPU
		{3D53395C-87CE-4D2C-9376-06C031C3A5E6}.Release|Any CPU.Build.0 = Release|Any CPU
		{66D808AB-DE6C-4D65-AA42-62A147B1D616}.Debug|Any CPU.ActiveCfg = Debug|Any CPU
		{66D808AB-DE6C-4D65-AA42-62A147B1D616}.Debug|Any CPU.Build.0 = Debug|Any CPU
		{66D808AB-DE6C-4D65-AA42-62A147B1D616}.Release|Any CPU.ActiveCfg = Release|Any CPU
		{66D808AB-DE6C-4D65-AA42-62A147B1D616}.Release|Any CPU.Build.0 = Release|Any CPU
		{5C0915F7-6DEC-4DA6-8996-755DD007DFB0}.Debug|Any CPU.ActiveCfg = Debug|Any CPU
		{5C0915F7-6DEC-4DA6-8996-755DD007DFB0}.Debug|Any CPU.Build.0 = Debug|Any CPU
		{5C0915F7-6DEC-4DA6-8996-755DD007DFB0}.Release|Any CPU.ActiveCfg = Release|Any CPU
		{5C0915F7-6DEC-4DA6-8996-755DD007DFB0}.Release|Any CPU.Build.0 = Release|Any CPU
	EndGlobalSection
	GlobalSection(SolutionProperties) = preSolution
		HideSolutionNode = FALSE
	EndGlobalSection
	GlobalSection(ExtensibilityGlobals) = postSolution
		SolutionGuid = {6484FA6A-AAC6-49AC-96C1-1E0F3820713B}
	EndGlobalSection
EndGlobal
